
Microsoft Visual Studio Solution File, Format Version 12.00
# Visual Studio Version 17
VisualStudioVersion = 17.4.33110.190
MinimumVisualStudioVersion = 10.0.40219.1
Project("{FAE04EC0-301F-11D3-BF4B-00C04F79EFBC}") = "Ex4", "Ex4\Ex4.csproj", "{AD94F16B-EE64-484A-8E60-3B528D42C1BE}"
EndProject
Global
	GlobalSection(SolutionConfigurationPlatforms) = preSolution
		Debug|Any CPU = Debug|Any CPU
		Release|Any CPU = Release|Any CPU
	EndGlobalSection
	GlobalSection(ProjectConfigurationPlatforms) = postSolution
		{AD94F16B-EE64-484A-8E60-3B528D42C1BE}.Debug|Any CPU.ActiveCfg = Debug|Any CPU
		{AD94F16B-EE64-484A-8E60-3B528D42C1BE}.Debug|Any CPU.Build.0 = Debug|Any CPU
		{AD94F16B-EE64-484A-8E60-3B528D42C1BE}.Release|Any CPU.ActiveCfg = Release|Any CPU
		{AD94F16B-EE64-484A-8E60-3B528D42C1BE}.Release|Any CPU.Build.0 = Release|Any CPU
	EndGlobalSection
	GlobalSection(SolutionProperties) = preSolution
		HideSolutionNode = FALSE
	EndGlobalSection
	GlobalSection(ExtensibilityGlobals) = postSolution
		SolutionGuid = {8015BD8F-2A55-485B-9EDF-D2523A8DB0DF}
	EndGlobalSection
EndGlobal
