
Microsoft Visual Studio Solution File, Format Version 12.00
# Visual Studio Version 17
VisualStudioVersion = 17.4.33110.190
MinimumVisualStudioVersion = 10.0.40219.1
Project("{FAE04EC0-301F-11D3-BF4B-00C04F79EFBC}") = "OOP_Lab2", "OOP_Lab2\OOP_Lab2.csproj", "{FEEFAF49-1400-4277-A6CB-E26AA9F9F594}"
EndProject
Global
	GlobalSection(SolutionConfigurationPlatforms) = preSolution
		Debug|Any CPU = Debug|Any CPU
		Release|Any CPU = Release|Any CPU
	EndGlobalSection
	GlobalSection(ProjectConfigurationPlatforms) = postSolution
		{FEEFAF49-1400-4277-A6CB-E26AA9F9F594}.Debug|Any CPU.ActiveCfg = Debug|Any CPU
		{FEEFAF49-1400-4277-A6CB-E26AA9F9F594}.Debug|Any CPU.Build.0 = Debug|Any CPU
		{FEEFAF49-1400-4277-A6CB-E26AA9F9F594}.Release|Any CPU.ActiveCfg = Release|Any CPU
		{FEEFAF49-1400-4277-A6CB-E26AA9F9F594}.Release|Any CPU.Build.0 = Release|Any CPU
	EndGlobalSection
	GlobalSection(SolutionProperties) = preSolution
		HideSolutionNode = FALSE
	EndGlobalSection
	GlobalSection(ExtensibilityGlobals) = postSolution
		SolutionGuid = {53FAB661-2BB8-4D0B-899C-73B87CA6AD3E}
	EndGlobalSection
EndGlobal
